# This file is automatically @generated by Cargo.
# It is not intended for manual editing.
version = 3

[[package]]
name = "fast-math"
version = "0.1.1"
source = "registry+https://github.com/rust-lang/crates.io-index"
checksum = "2465292146cdfc2011350fe3b1c616ac83cf0faeedb33463ba1c332ed8948d66"
dependencies = [
 "ieee754",
]

[[package]]
name = "ieee754"
version = "0.2.6"
source = "registry+https://github.com/rust-lang/crates.io-index"
checksum = "9007da9cacbd3e6343da136e98b0d2df013f553d35bdec8b518f07bea768e19c"

[[package]]
name = "owo-colors"
version = "3.5.0"
source = "registry+https://github.com/rust-lang/crates.io-index"
checksum = "c1b04fb49957986fdce4d6ee7a65027d55d4b6d2265e5848bbb507b58ccfdb6f"

[[package]]
name = "primes"
version = "0.3.0"
source = "registry+https://github.com/rust-lang/crates.io-index"
checksum = "68a61082d8bceecd71a3870e9162002bb75f7ba9c7aa8b76227e887782fef9c8"

[[package]]
name = "tx"
version = "1.0.0"
dependencies = [
 "fast-math",
 "owo-colors",
 "primes",
]
